{
  "name": "size-diff",
  "lockfileVersion": 3,
  "requires": true,
  "packages": {
    "": {
      "name": "size-diff",
      "dependencies": {
        "painters-canvas": "git+https://github.com/snowsune/PaintersCanvas.git"
      }
    },
    "node_modules/@lume/kiwi": {
      "version": "0.4.4",
      "resolved": "https://registry.npmjs.org/@lume/kiwi/-/kiwi-0.4.4.tgz",
      "integrity": "sha512-ie0YTKgiZqD4TXlJ4eUbfi4UEoKs6YlLRYNTfPm5eUXwfudTBmPRs7Qcxz2SWKDpVTwThv3sWG6zwtyAA0nPpw==",
      "license": "BSD-3-Clause"
    },
    "node_modules/painters-canvas": {
      "version": "0.1.0",
      "resolved": "git+https://github.com/snowsune/PaintersCanvas.git#38eca9de48e574c6117187be42040dd03b96f412",
      "license": "BSD",
      "dependencies": {
        "@lume/kiwi": "^0.4.4"
      }
    }
  }
}
